github.com/DataDog/zstd v1.5.1-0.20220323150212-718c6ee5063f h1:Gum3hGt3UD+d8C90oraW9tx+j5E+OhPT72sK7ba5080=
github.com/DataDog/zstd v1.5.1-0.20220323150212-718c6ee5063f/go.mod h1:g4AWEaM3yOg3HYfnJ3YIawPnVdXJh9QME85blwSAmyw=
github.com/pebbe/zmq4 v1.0.0 h1:D+MSmPpqkL5PSSmnh8g51ogirUCyemThuZzLW7Nrt78=
github.com/pebbe/zmq4 v1.0.0/go.mod h1:7N4y5R18zBiu3l0vajMUWQgZyjv464prE8RCyBcmnZM=
golang.org/x/sys v0.0.0-20190531175056-4c3a928424d2 h1:T5DasATyLQfmbTpfEXx/IOL9vfjzW6up+ZDkmHvIf2s=
golang.org/x/sys v0.0.0-20190531175056-4c3a928424d2/go.mod h1:h1NjWce9XRLGQEsW7wpKNCjG9DtNlClVuFLEZdDNbEs=
